
Microsoft Visual Studio Solution File, Format Version 12.00
# Visual Studio Version 17
VisualStudioVersion = 17.9.34701.34
MinimumVisualStudioVersion = 10.0.40219.1
Project("{FAE04EC0-301F-11D3-BF4B-00C04F79EFBC}") = "Loquit", "Loquit\Loquit.csproj", "{CC3C3A1E-429F-4340-94CE-984CAFD0F86D}"
EndProject
Global
	GlobalSection(SolutionConfigurationPlatforms) = preSolution
		Debug|Any CPU = Debug|Any CPU
		Release|Any CPU = Release|Any CPU
	EndGlobalSection
	GlobalSection(ProjectConfigurationPlatforms) = postSolution
		{CC3C3A1E-429F-4340-94CE-984CAFD0F86D}.Debug|Any CPU.ActiveCfg = Debug|Any CPU
		{CC3C3A1E-429F-4340-94CE-984CAFD0F86D}.Debug|Any CPU.Build.0 = Debug|Any CPU
		{CC3C3A1E-429F-4340-94CE-984CAFD0F86D}.Release|Any CPU.ActiveCfg = Release|Any CPU
		{CC3C3A1E-429F-4340-94CE-984CAFD0F86D}.Release|Any CPU.Build.0 = Release|Any CPU
	EndGlobalSection
	GlobalSection(SolutionProperties) = preSolution
		HideSolutionNode = FALSE
	EndGlobalSection
	GlobalSection(ExtensibilityGlobals) = postSolution
		SolutionGuid = {0001F461-FB14-4DA3-9EBC-6CA9E42AC9A9}
	EndGlobalSection
EndGlobal
